
Microsoft Visual Studio Solution File, Format Version 12.00
# Visual Studio Version 17
VisualStudioVersion = 17.6.33829.357
MinimumVisualStudioVersion = 10.0.40219.1
Project("{FAE04EC0-301F-11D3-BF4B-00C04F79EFBC}") = "DPRN3_U1_EA_RARP", "DPRN3_U1_EA_RARP.csproj", "{FF7B3132-8FD3-4173-A6A0-72E883F13C8B}"
EndProject
Global
	GlobalSection(SolutionConfigurationPlatforms) = preSolution
		Debug|Any CPU = Debug|Any CPU
		Release|Any CPU = Release|Any CPU
	EndGlobalSection
	GlobalSection(ProjectConfigurationPlatforms) = postSolution
		{FF7B3132-8FD3-4173-A6A0-72E883F13C8B}.Debug|Any CPU.ActiveCfg = Debug|Any CPU
		{FF7B3132-8FD3-4173-A6A0-72E883F13C8B}.Debug|Any CPU.Build.0 = Debug|Any CPU
		{FF7B3132-8FD3-4173-A6A0-72E883F13C8B}.Release|Any CPU.ActiveCfg = Release|Any CPU
		{FF7B3132-8FD3-4173-A6A0-72E883F13C8B}.Release|Any CPU.Build.0 = Release|Any CPU
	EndGlobalSection
	GlobalSection(SolutionProperties) = preSolution
		HideSolutionNode = FALSE
	EndGlobalSection
	GlobalSection(ExtensibilityGlobals) = postSolution
		SolutionGuid = {038CE967-EBA7-4791-9E10-DF05602EC986}
	EndGlobalSection
EndGlobal
