
Microsoft Visual Studio Solution File, Format Version 12.00
# Visual Studio Version 17
VisualStudioVersion = 17.0.32112.339
MinimumVisualStudioVersion = 10.0.40219.1
Project("{FAE04EC0-301F-11D3-BF4B-00C04F79EFBC}") = "DPRN2_U1_A1_RARP", "DPRN2_U1_A1_RARP.csproj", "{2335F55C-3445-47B6-A84F-628260F04726}"
EndProject
Global
	GlobalSection(SolutionConfigurationPlatforms) = preSolution
		Debug|Any CPU = Debug|Any CPU
		Release|Any CPU = Release|Any CPU
	EndGlobalSection
	GlobalSection(ProjectConfigurationPlatforms) = postSolution
		{2335F55C-3445-47B6-A84F-628260F04726}.Debug|Any CPU.ActiveCfg = Debug|Any CPU
		{2335F55C-3445-47B6-A84F-628260F04726}.Debug|Any CPU.Build.0 = Debug|Any CPU
		{2335F55C-3445-47B6-A84F-628260F04726}.Release|Any CPU.ActiveCfg = Release|Any CPU
		{2335F55C-3445-47B6-A84F-628260F04726}.Release|Any CPU.Build.0 = Release|Any CPU
	EndGlobalSection
	GlobalSection(SolutionProperties) = preSolution
		HideSolutionNode = FALSE
	EndGlobalSection
	GlobalSection(ExtensibilityGlobals) = postSolution
		SolutionGuid = {F9228521-3C4A-4EFA-BA97-0B91525CF749}
	EndGlobalSection
EndGlobal
