
Microsoft Visual Studio Solution File, Format Version 12.00
# Visual Studio Version 17
VisualStudioVersion = 17.0.32112.339
MinimumVisualStudioVersion = 10.0.40219.1
Project("{FAE04EC0-301F-11D3-BF4B-00C04F79EFBC}") = "DPRN1_U2_A3_RARP", "DPRN1_U2_A3_RARP.csproj", "{6F014BC2-B26F-4A8E-BC0A-AD58F4239F7B}"
EndProject
Global
	GlobalSection(SolutionConfigurationPlatforms) = preSolution
		Debug|Any CPU = Debug|Any CPU
		Release|Any CPU = Release|Any CPU
	EndGlobalSection
	GlobalSection(ProjectConfigurationPlatforms) = postSolution
		{6F014BC2-B26F-4A8E-BC0A-AD58F4239F7B}.Debug|Any CPU.ActiveCfg = Debug|Any CPU
		{6F014BC2-B26F-4A8E-BC0A-AD58F4239F7B}.Debug|Any CPU.Build.0 = Debug|Any CPU
		{6F014BC2-B26F-4A8E-BC0A-AD58F4239F7B}.Release|Any CPU.ActiveCfg = Release|Any CPU
		{6F014BC2-B26F-4A8E-BC0A-AD58F4239F7B}.Release|Any CPU.Build.0 = Release|Any CPU
	EndGlobalSection
	GlobalSection(SolutionProperties) = preSolution
		HideSolutionNode = FALSE
	EndGlobalSection
	GlobalSection(ExtensibilityGlobals) = postSolution
		SolutionGuid = {B446E7F0-3FF8-4D1F-87F5-BDD74531FEA9}
	EndGlobalSection
EndGlobal
