
Microsoft Visual Studio Solution File, Format Version 12.00
# Visual Studio Version 17
VisualStudioVersion = 17.6.33829.357
MinimumVisualStudioVersion = 10.0.40219.1
Project("{FAE04EC0-301F-11D3-BF4B-00C04F79EFBC}") = "WinFormsApp1", "WinFormsApp1.csproj", "{DBE4E523-ABDC-49D9-B6EA-A6A90D97DA1A}"
EndProject
Global
	GlobalSection(SolutionConfigurationPlatforms) = preSolution
		Debug|Any CPU = Debug|Any CPU
		Release|Any CPU = Release|Any CPU
	EndGlobalSection
	GlobalSection(ProjectConfigurationPlatforms) = postSolution
		{DBE4E523-ABDC-49D9-B6EA-A6A90D97DA1A}.Debug|Any CPU.ActiveCfg = Debug|Any CPU
		{DBE4E523-ABDC-49D9-B6EA-A6A90D97DA1A}.Debug|Any CPU.Build.0 = Debug|Any CPU
		{DBE4E523-ABDC-49D9-B6EA-A6A90D97DA1A}.Release|Any CPU.ActiveCfg = Release|Any CPU
		{DBE4E523-ABDC-49D9-B6EA-A6A90D97DA1A}.Release|Any CPU.Build.0 = Release|Any CPU
	EndGlobalSection
	GlobalSection(SolutionProperties) = preSolution
		HideSolutionNode = FALSE
	EndGlobalSection
	GlobalSection(ExtensibilityGlobals) = postSolution
		SolutionGuid = {C154120D-0D30-4BB1-B468-8E19ED0B6304}
	EndGlobalSection
EndGlobal
