
Microsoft Visual Studio Solution File, Format Version 12.00
# Visual Studio Version 17
VisualStudioVersion = 17.0.32112.339
MinimumVisualStudioVersion = 10.0.40219.1
Project("{FAE04EC0-301F-11D3-BF4B-00C04F79EFBC}") = "DPRN2_U3_EA_RARP", "DPRN2_U3_EA_RARP.csproj", "{E502D2CD-2CB2-4516-BA91-4B07CC7C760A}"
EndProject
Global
	GlobalSection(SolutionConfigurationPlatforms) = preSolution
		Debug|Any CPU = Debug|Any CPU
		Release|Any CPU = Release|Any CPU
	EndGlobalSection
	GlobalSection(ProjectConfigurationPlatforms) = postSolution
		{E502D2CD-2CB2-4516-BA91-4B07CC7C760A}.Debug|Any CPU.ActiveCfg = Debug|Any CPU
		{E502D2CD-2CB2-4516-BA91-4B07CC7C760A}.Debug|Any CPU.Build.0 = Debug|Any CPU
		{E502D2CD-2CB2-4516-BA91-4B07CC7C760A}.Release|Any CPU.ActiveCfg = Release|Any CPU
		{E502D2CD-2CB2-4516-BA91-4B07CC7C760A}.Release|Any CPU.Build.0 = Release|Any CPU
	EndGlobalSection
	GlobalSection(SolutionProperties) = preSolution
		HideSolutionNode = FALSE
	EndGlobalSection
	GlobalSection(ExtensibilityGlobals) = postSolution
		SolutionGuid = {7A995EB5-A680-47CD-9613-6DF9C0E5AB89}
	EndGlobalSection
EndGlobal
